
Microsoft Visual Studio Solution File, Format Version 12.00
# Visual Studio Version 17
VisualStudioVersion = 17.0.31903.59
MinimumVisualStudioVersion = 10.0.40219.1
Project("{2150E333-8FDC-42A3-9474-1A3956D46DE8}") = "MyLambdaFunction", "MyLambdaFunction", "{6B0D6F10-481B-4B2D-850D-7E50BA285633}"
EndProject
Project("{2150E333-8FDC-42A3-9474-1A3956D46DE8}") = "src", "src", "{B9D180C3-68EE-4505-8E41-2F837906A207}"
EndProject
Project("{FAE04EC0-301F-11D3-BF4B-00C04F79EFBC}") = "MyLambdaFunction", "MyLambdaFunction\src\MyLambdaFunction\MyLambdaFunction.csproj", "{01690867-D938-4445-855D-2A6FDE8587F8}"
EndProject
Global
	GlobalSection(SolutionConfigurationPlatforms) = preSolution
		Debug|Any CPU = Debug|Any CPU
		Release|Any CPU = Release|Any CPU
	EndGlobalSection
	GlobalSection(SolutionProperties) = preSolution
		HideSolutionNode = FALSE
	EndGlobalSection
	GlobalSection(ProjectConfigurationPlatforms) = postSolution
		{01690867-D938-4445-855D-2A6FDE8587F8}.Debug|Any CPU.ActiveCfg = Debug|Any CPU
		{01690867-D938-4445-855D-2A6FDE8587F8}.Debug|Any CPU.Build.0 = Debug|Any CPU
		{01690867-D938-4445-855D-2A6FDE8587F8}.Release|Any CPU.ActiveCfg = Release|Any CPU
		{01690867-D938-4445-855D-2A6FDE8587F8}.Release|Any CPU.Build.0 = Release|Any CPU
	EndGlobalSection
	GlobalSection(NestedProjects) = preSolution
		{B9D180C3-68EE-4505-8E41-2F837906A207} = {6B0D6F10-481B-4B2D-850D-7E50BA285633}
		{01690867-D938-4445-855D-2A6FDE8587F8} = {B9D180C3-68EE-4505-8E41-2F837906A207}
	EndGlobalSection
EndGlobal
