
Microsoft Visual Studio Solution File, Format Version 12.00
# Visual Studio Version 17
VisualStudioVersion = 17.0.31903.59
MinimumVisualStudioVersion = 10.0.40219.1
Project("{2150E333-8FDC-42A3-9474-1A3956D46DE8}") = "src", "src", "{3A4584AB-5BB6-4FD4-9A44-0A423EC5B916}"
EndProject
Project("{FAE04EC0-301F-11D3-BF4B-00C04F79EFBC}") = "AspNetCoreSample.Mvc", "src\AspNetCoreSample.Mvc\AspNetCoreSample.Mvc.csproj", "{679F31B1-8ACF-4F4E-9FCC-EC5F99B0983C}"
EndProject
Project("{FAE04EC0-301F-11D3-BF4B-00C04F79EFBC}") = "AspNetCoreSample.WebApi", "src\AspNetCoreSample.WebApi\AspNetCoreSample.WebApi.csproj", "{51310793-CBEA-4D8D-AE3A-C91CF5C9AF74}"
EndProject
Project("{FAE04EC0-301F-11D3-BF4B-00C04F79EFBC}") = "AspNetCoreSample.ServiceDefaults", "src\AspNetCoreSample.ServiceDefaults\AspNetCoreSample.ServiceDefaults.csproj", "{1E79935D-4585-4CAD-982F-24DC6ED62195}"
EndProject
Project("{FAE04EC0-301F-11D3-BF4B-00C04F79EFBC}") = "AspNetCoreSample.AppHost", "src\AspNetCoreSample.AppHost\AspNetCoreSample.AppHost.csproj", "{97E24A49-AA8F-4705-B84C-F6C5719FF65E}"
EndProject
Project("{FAE04EC0-301F-11D3-BF4B-00C04F79EFBC}") = "AspNetCoreSample.Templates", "src\AspNetCoreSample.Templates\AspNetCoreSample.Templates.csproj", "{5E2E5BD6-D76A-463C-A42B-AD77EDC462AD}"
EndProject
Project("{FAE04EC0-301F-11D3-BF4B-00C04F79EFBC}") = "T4Execute", "src\T4Execute\T4Execute.csproj", "{0B8F6D7F-120F-4368-A0A8-1D36449E843B}"
EndProject
Project("{FAE04EC0-301F-11D3-BF4B-00C04F79EFBC}") = "CodeGen", "src\CodeGen\CodeGen.csproj", "{2B8A816D-68F5-45A2-B287-1552C0AB290B}"
EndProject
Project("{FAE04EC0-301F-11D3-BF4B-00C04F79EFBC}") = "CodeGen.Result", "src\CodeGen.Result\CodeGen.Result.csproj", "{FF1FC4D2-6ACC-47F7-8C82-6233CD35D71F}"
EndProject
Project("{FAE04EC0-301F-11D3-BF4B-00C04F79EFBC}") = "AspNetCoreSample.Grpc", "src\AspNetCoreSample.Grpc\AspNetCoreSample.Grpc.csproj", "{80C74435-7A9A-42E2-A1AC-E6EA5A1242BC}"
EndProject
Project("{2150E333-8FDC-42A3-9474-1A3956D46DE8}") = "tests", "tests", "{B12F1D4F-7CEE-41BD-BBBE-1CD1C85E675B}"
EndProject
Project("{FAE04EC0-301F-11D3-BF4B-00C04F79EFBC}") = "AspNetCoreSample.WebApi.Test", "tests\AspNetCoreSample.WebApi.Test\AspNetCoreSample.WebApi.Test.csproj", "{AEA3EB10-BDFB-4C35-8027-D799B701BDAE}"
EndProject
Project("{FAE04EC0-301F-11D3-BF4B-00C04F79EFBC}") = "AspNetCoreSample.Mvc.Test", "tests\AspNetCoreSample.Mvc.Test\AspNetCoreSample.Mvc.Test.csproj", "{C789CF7B-5D96-4F56-8BBB-B0939D1D7426}"
EndProject
Project("{FAE04EC0-301F-11D3-BF4B-00C04F79EFBC}") = "DbContainer.Test", "tests\DbContainer.Test\DbContainer.Test.csproj", "{DF528D08-5F00-49D4-A79C-DBB83F0BD950}"
EndProject
Global
	GlobalSection(SolutionConfigurationPlatforms) = preSolution
		Debug|Any CPU = Debug|Any CPU
		Release|Any CPU = Release|Any CPU
	EndGlobalSection
	GlobalSection(SolutionProperties) = preSolution
		HideSolutionNode = FALSE
	EndGlobalSection
	GlobalSection(ProjectConfigurationPlatforms) = postSolution
		{679F31B1-8ACF-4F4E-9FCC-EC5F99B0983C}.Debug|Any CPU.ActiveCfg = Debug|Any CPU
		{679F31B1-8ACF-4F4E-9FCC-EC5F99B0983C}.Debug|Any CPU.Build.0 = Debug|Any CPU
		{679F31B1-8ACF-4F4E-9FCC-EC5F99B0983C}.Release|Any CPU.ActiveCfg = Release|Any CPU
		{679F31B1-8ACF-4F4E-9FCC-EC5F99B0983C}.Release|Any CPU.Build.0 = Release|Any CPU
		{51310793-CBEA-4D8D-AE3A-C91CF5C9AF74}.Debug|Any CPU.ActiveCfg = Debug|Any CPU
		{51310793-CBEA-4D8D-AE3A-C91CF5C9AF74}.Debug|Any CPU.Build.0 = Debug|Any CPU
		{51310793-CBEA-4D8D-AE3A-C91CF5C9AF74}.Release|Any CPU.ActiveCfg = Release|Any CPU
		{51310793-CBEA-4D8D-AE3A-C91CF5C9AF74}.Release|Any CPU.Build.0 = Release|Any CPU
		{1E79935D-4585-4CAD-982F-24DC6ED62195}.Debug|Any CPU.ActiveCfg = Debug|Any CPU
		{1E79935D-4585-4CAD-982F-24DC6ED62195}.Debug|Any CPU.Build.0 = Debug|Any CPU
		{1E79935D-4585-4CAD-982F-24DC6ED62195}.Release|Any CPU.ActiveCfg = Release|Any CPU
		{1E79935D-4585-4CAD-982F-24DC6ED62195}.Release|Any CPU.Build.0 = Release|Any CPU
		{97E24A49-AA8F-4705-B84C-F6C5719FF65E}.Debug|Any CPU.ActiveCfg = Debug|Any CPU
		{97E24A49-AA8F-4705-B84C-F6C5719FF65E}.Debug|Any CPU.Build.0 = Debug|Any CPU
		{97E24A49-AA8F-4705-B84C-F6C5719FF65E}.Release|Any CPU.ActiveCfg = Release|Any CPU
		{97E24A49-AA8F-4705-B84C-F6C5719FF65E}.Release|Any CPU.Build.0 = Release|Any CPU
		{5E2E5BD6-D76A-463C-A42B-AD77EDC462AD}.Debug|Any CPU.ActiveCfg = Debug|Any CPU
		{5E2E5BD6-D76A-463C-A42B-AD77EDC462AD}.Debug|Any CPU.Build.0 = Debug|Any CPU
		{5E2E5BD6-D76A-463C-A42B-AD77EDC462AD}.Release|Any CPU.ActiveCfg = Release|Any CPU
		{5E2E5BD6-D76A-463C-A42B-AD77EDC462AD}.Release|Any CPU.Build.0 = Release|Any CPU
		{0B8F6D7F-120F-4368-A0A8-1D36449E843B}.Debug|Any CPU.ActiveCfg = Debug|Any CPU
		{0B8F6D7F-120F-4368-A0A8-1D36449E843B}.Debug|Any CPU.Build.0 = Debug|Any CPU
		{0B8F6D7F-120F-4368-A0A8-1D36449E843B}.Release|Any CPU.ActiveCfg = Release|Any CPU
		{0B8F6D7F-120F-4368-A0A8-1D36449E843B}.Release|Any CPU.Build.0 = Release|Any CPU
		{2B8A816D-68F5-45A2-B287-1552C0AB290B}.Debug|Any CPU.ActiveCfg = Debug|Any CPU
		{2B8A816D-68F5-45A2-B287-1552C0AB290B}.Debug|Any CPU.Build.0 = Debug|Any CPU
		{2B8A816D-68F5-45A2-B287-1552C0AB290B}.Release|Any CPU.ActiveCfg = Release|Any CPU
		{2B8A816D-68F5-45A2-B287-1552C0AB290B}.Release|Any CPU.Build.0 = Release|Any CPU
		{FF1FC4D2-6ACC-47F7-8C82-6233CD35D71F}.Debug|Any CPU.ActiveCfg = Debug|Any CPU
		{FF1FC4D2-6ACC-47F7-8C82-6233CD35D71F}.Debug|Any CPU.Build.0 = Debug|Any CPU
		{FF1FC4D2-6ACC-47F7-8C82-6233CD35D71F}.Release|Any CPU.ActiveCfg = Release|Any CPU
		{FF1FC4D2-6ACC-47F7-8C82-6233CD35D71F}.Release|Any CPU.Build.0 = Release|Any CPU
		{80C74435-7A9A-42E2-A1AC-E6EA5A1242BC}.Debug|Any CPU.ActiveCfg = Debug|Any CPU
		{80C74435-7A9A-42E2-A1AC-E6EA5A1242BC}.Debug|Any CPU.Build.0 = Debug|Any CPU
		{80C74435-7A9A-42E2-A1AC-E6EA5A1242BC}.Release|Any CPU.ActiveCfg = Release|Any CPU
		{80C74435-7A9A-42E2-A1AC-E6EA5A1242BC}.Release|Any CPU.Build.0 = Release|Any CPU
		{AEA3EB10-BDFB-4C35-8027-D799B701BDAE}.Debug|Any CPU.ActiveCfg = Debug|Any CPU
		{AEA3EB10-BDFB-4C35-8027-D799B701BDAE}.Debug|Any CPU.Build.0 = Debug|Any CPU
		{AEA3EB10-BDFB-4C35-8027-D799B701BDAE}.Release|Any CPU.ActiveCfg = Release|Any CPU
		{AEA3EB10-BDFB-4C35-8027-D799B701BDAE}.Release|Any CPU.Build.0 = Release|Any CPU
		{C789CF7B-5D96-4F56-8BBB-B0939D1D7426}.Debug|Any CPU.ActiveCfg = Debug|Any CPU
		{C789CF7B-5D96-4F56-8BBB-B0939D1D7426}.Debug|Any CPU.Build.0 = Debug|Any CPU
		{C789CF7B-5D96-4F56-8BBB-B0939D1D7426}.Release|Any CPU.ActiveCfg = Release|Any CPU
		{C789CF7B-5D96-4F56-8BBB-B0939D1D7426}.Release|Any CPU.Build.0 = Release|Any CPU
		{DF528D08-5F00-49D4-A79C-DBB83F0BD950}.Debug|Any CPU.ActiveCfg = Debug|Any CPU
		{DF528D08-5F00-49D4-A79C-DBB83F0BD950}.Debug|Any CPU.Build.0 = Debug|Any CPU
		{DF528D08-5F00-49D4-A79C-DBB83F0BD950}.Release|Any CPU.ActiveCfg = Release|Any CPU
		{DF528D08-5F00-49D4-A79C-DBB83F0BD950}.Release|Any CPU.Build.0 = Release|Any CPU
	EndGlobalSection
	GlobalSection(NestedProjects) = preSolution
		{679F31B1-8ACF-4F4E-9FCC-EC5F99B0983C} = {3A4584AB-5BB6-4FD4-9A44-0A423EC5B916}
		{51310793-CBEA-4D8D-AE3A-C91CF5C9AF74} = {3A4584AB-5BB6-4FD4-9A44-0A423EC5B916}
		{1E79935D-4585-4CAD-982F-24DC6ED62195} = {3A4584AB-5BB6-4FD4-9A44-0A423EC5B916}
		{97E24A49-AA8F-4705-B84C-F6C5719FF65E} = {3A4584AB-5BB6-4FD4-9A44-0A423EC5B916}
		{5E2E5BD6-D76A-463C-A42B-AD77EDC462AD} = {3A4584AB-5BB6-4FD4-9A44-0A423EC5B916}
		{0B8F6D7F-120F-4368-A0A8-1D36449E843B} = {3A4584AB-5BB6-4FD4-9A44-0A423EC5B916}
		{2B8A816D-68F5-45A2-B287-1552C0AB290B} = {3A4584AB-5BB6-4FD4-9A44-0A423EC5B916}
		{FF1FC4D2-6ACC-47F7-8C82-6233CD35D71F} = {3A4584AB-5BB6-4FD4-9A44-0A423EC5B916}
		{80C74435-7A9A-42E2-A1AC-E6EA5A1242BC} = {3A4584AB-5BB6-4FD4-9A44-0A423EC5B916}
		{AEA3EB10-BDFB-4C35-8027-D799B701BDAE} = {B12F1D4F-7CEE-41BD-BBBE-1CD1C85E675B}
		{C789CF7B-5D96-4F56-8BBB-B0939D1D7426} = {B12F1D4F-7CEE-41BD-BBBE-1CD1C85E675B}
		{DF528D08-5F00-49D4-A79C-DBB83F0BD950} = {B12F1D4F-7CEE-41BD-BBBE-1CD1C85E675B}
	EndGlobalSection
EndGlobal
